<?xml version="1.0" encoding="utf-8"?>
<Project ToolsVersion="4.0" xmlns="http://schemas.microsoft.com/developer/msbuild/2003">
  <ItemGroup>
    <Filter Include="Resource Files">
      <UniqueIdentifier>{67DA6AB6-F800-4c08-8B7A-83BB121AAD01}</UniqueIdentifier>
      <Extensions>rc;ico;cur;bmp;dlg;rc2;rct;bin;rgs;gif;jpg;jpeg;jpe;resx;tiff;tif;png;wav;mfcribbon-ms</Extensions>
    </Filter>
    <Filter Include="WIN">
      <UniqueIdentifier>{9f3e896c-feca-4b77-9021-d8652946020a}</UniqueIdentifier>
    </Filter>
    <Filter Include="WIN\Source Files">
      <UniqueIdentifier>{30e7ad99-f454-40e5-93ef-a2306a894367}</UniqueIdentifier>
    </Filter>
    <Filter Include="WIN\Header Files">
      <UniqueIdentifier>{9ef00299-38c0-4e49-8d95-9c6ade66c9f3}</UniqueIdentifier>
    </Filter>
    <Filter Include="Unsorted">
      <UniqueIdentifier>{127317cc-44e3-4536-9e27-480b2c1681c5}</UniqueIdentifier>
    </Filter>
    <Filter Include="Unsorted\Header Files">
      <UniqueIdentifier>{93995380-89BD-4b04-88EB-625FBE52EBFB}</UniqueIdentifier>
      <Extensions>h;hh;hpp;hxx;h++;hm;inl;inc;ipp;xsd</Extensions>
    </Filter>
    <Filter Include="Unsorted\Source Files">
      <UniqueIdentifier>{4FC737F1-C7A5-4376-A066-2A32D752A2FF}</UniqueIdentifier>
      <Extensions>cpp;c;cc;cxx;c++;cppm;ixx;def;odl;idl;hpj;bat;asm;asmx</Extensions>
    </Filter>
  </ItemGroup>
  <ItemGroup>
    <ClCompile Include="Main.cpp">
      <Filter>Unsorted\Source Files</Filter>
    </ClCompile>
    <ClCompile Include="WIN_Window.cpp">
      <Filter>WIN\Source Files</Filter>
    </ClCompile>
    <ClCompile Include="WIN_Keyboard.cpp">
      <Filter>WIN\Source Files</Filter>
    </ClCompile>
    <ClCompile Include="WIN_Mouse.cpp">
      <Filter>WIN\Source Files</Filter>
    </ClCompile>
  </ItemGroup>
  <ItemGroup>
    <ClInclude Include="Standards.h">
      <Filter>Unsorted\Header Files</Filter>
    </ClInclude>
    <ClInclude Include="WIN_Window.h">
      <Filter>WIN\Header Files</Filter>
    </ClInclude>
    <ClInclude Include="WIN_WinWrapper.h">
      <Filter>WIN\Header Files</Filter>
    </ClInclude>
    <ClInclude Include="ToDo.h">
      <Filter>Unsorted\Header Files</Filter>
    </ClInclude>
    <ClInclude Include="WIN_Keyboard.h">
      <Filter>WIN\Header Files</Filter>
    </ClInclude>
    <ClInclude Include="WIN_Mouse.h">
      <Filter>WIN\Header Files</Filter>
    </ClInclude>
  </ItemGroup>
</Project>