<?xml version="1.0" encoding="utf-8"?>
<Project ToolsVersion="4.0" xmlns="http://schemas.microsoft.com/developer/msbuild/2003">
  <ItemGroup>
    <Filter Include="Resource Files">
      <UniqueIdentifier>{67DA6AB6-F800-4c08-8B7A-83BB121AAD01}</UniqueIdentifier>
      <Extensions>rc;ico;cur;bmp;dlg;rc2;rct;bin;rgs;gif;jpg;jpeg;jpe;resx;tiff;tif;png;wav;mfcribbon-ms</Extensions>
    </Filter>
    <Filter Include="WIN">
      <UniqueIdentifier>{9f3e896c-feca-4b77-9021-d8652946020a}</UniqueIdentifier>
    </Filter>
    <Filter Include="WIN\Source Files">
      <UniqueIdentifier>{30e7ad99-f454-40e5-93ef-a2306a894367}</UniqueIdentifier>
    </Filter>
    <Filter Include="WIN\Header Files">
      <UniqueIdentifier>{9ef00299-38c0-4e49-8d95-9c6ade66c9f3}</UniqueIdentifier>
    </Filter>
    <Filter Include="Unsorted">
      <UniqueIdentifier>{127317cc-44e3-4536-9e27-480b2c1681c5}</UniqueIdentifier>
    </Filter>
    <Filter Include="Unsorted\Header Files">
      <UniqueIdentifier>{93995380-89BD-4b04-88EB-625FBE52EBFB}</UniqueIdentifier>
      <Extensions>h;hh;hpp;hxx;h++;hm;inl;inc;ipp;xsd</Extensions>
    </Filter>
    <Filter Include="Unsorted\Source Files">
      <UniqueIdentifier>{4FC737F1-C7A5-4376-A066-2A32D752A2FF}</UniqueIdentifier>
      <Extensions>cpp;c;cc;cxx;c++;cppm;ixx;def;odl;idl;hpj;bat;asm;asmx</Extensions>
    </Filter>
    <Filter Include="G3D">
      <UniqueIdentifier>{d5150910-f9c7-4a6c-a4ae-4ce6d7d18c48}</UniqueIdentifier>
    </Filter>
    <Filter Include="G3D\Header Files">
      <UniqueIdentifier>{ec3363b3-f4f5-4f85-8ede-6a7374029a25}</UniqueIdentifier>
    </Filter>
    <Filter Include="G3D\Source Files">
      <UniqueIdentifier>{efc9f9ba-ab50-4093-9f6f-fb91dd37dc59}</UniqueIdentifier>
    </Filter>
    <Filter Include="G3D\Shaders">
      <UniqueIdentifier>{e8f0d58a-5bf2-4bd8-b212-8924c9b726da}</UniqueIdentifier>
    </Filter>
    <Filter Include="ERR">
      <UniqueIdentifier>{9f40d15f-4d7b-496d-b766-2532baff694c}</UniqueIdentifier>
    </Filter>
    <Filter Include="ERR\Source Files">
      <UniqueIdentifier>{24a7efef-22ec-48b3-87e0-dcc8d2136d3f}</UniqueIdentifier>
    </Filter>
    <Filter Include="ERR\Header Files">
      <UniqueIdentifier>{749f1cd0-58e3-489a-8c37-af776c3de5d1}</UniqueIdentifier>
    </Filter>
    <Filter Include="UTL">
      <UniqueIdentifier>{0d4fd447-3594-4b49-92b9-43cc6fb40bf5}</UniqueIdentifier>
    </Filter>
    <Filter Include="UTL\Header Files">
      <UniqueIdentifier>{70c149f1-9539-4572-822e-6f8d0e3f2171}</UniqueIdentifier>
    </Filter>
    <Filter Include="UTL\Source Files">
      <UniqueIdentifier>{f79edab3-c685-4113-b37a-11c89905e9c2}</UniqueIdentifier>
    </Filter>
  </ItemGroup>
  <ItemGroup>
    <ClCompile Include="Main.cpp">
      <Filter>Unsorted\Source Files</Filter>
    </ClCompile>
    <ClCompile Include="WIN_Window.cpp">
      <Filter>WIN\Source Files</Filter>
    </ClCompile>
    <ClCompile Include="WIN_Keyboard.cpp">
      <Filter>WIN\Source Files</Filter>
    </ClCompile>
    <ClCompile Include="WIN_Mouse.cpp">
      <Filter>WIN\Source Files</Filter>
    </ClCompile>
    <ClCompile Include="G3D_Camera.cpp">
      <Filter>G3D\Source Files</Filter>
    </ClCompile>
    <ClCompile Include="G3D_RenderEngine.cpp">
      <Filter>G3D\Source Files</Filter>
    </ClCompile>
    <ClCompile Include="ERR_ErrorEngine.cpp">
      <Filter>ERR\Source Files</Filter>
    </ClCompile>
    <ClCompile Include="G3D_Obj_WireFrame.cpp">
      <Filter>G3D\Source Files</Filter>
    </ClCompile>
    <ClCompile Include="G3D_Shader_WireFrame.cpp">
      <Filter>G3D\Source Files</Filter>
    </ClCompile>
    <ClCompile Include="UTL_Utilities.cpp">
      <Filter>UTL\Source Files</Filter>
    </ClCompile>
  </ItemGroup>
  <ItemGroup>
    <ClInclude Include="Standards.h">
      <Filter>Unsorted\Header Files</Filter>
    </ClInclude>
    <ClInclude Include="WIN_Window.h">
      <Filter>WIN\Header Files</Filter>
    </ClInclude>
    <ClInclude Include="WIN_WinWrapper.h">
      <Filter>WIN\Header Files</Filter>
    </ClInclude>
    <ClInclude Include="ToDo.h">
      <Filter>Unsorted\Header Files</Filter>
    </ClInclude>
    <ClInclude Include="WIN_Keyboard.h">
      <Filter>WIN\Header Files</Filter>
    </ClInclude>
    <ClInclude Include="WIN_Mouse.h">
      <Filter>WIN\Header Files</Filter>
    </ClInclude>
    <ClInclude Include="G3D_Camera.h">
      <Filter>G3D\Header Files</Filter>
    </ClInclude>
    <ClInclude Include="G3D_RenderEngine.h">
      <Filter>G3D\Header Files</Filter>
    </ClInclude>
    <ClInclude Include="G3D_Include.h">
      <Filter>G3D\Header Files</Filter>
    </ClInclude>
    <ClInclude Include="ERR_ErrorEngine.h">
      <Filter>ERR\Header Files</Filter>
    </ClInclude>
    <ClInclude Include="G3D_Obj_WireFrame.h">
      <Filter>G3D\Header Files</Filter>
    </ClInclude>
    <ClInclude Include="UTL_Utilities.h">
      <Filter>UTL\Header Files</Filter>
    </ClInclude>
    <ClInclude Include="G3D_Shader_WireFrame.h">
      <Filter>G3D\Header Files</Filter>
    </ClInclude>
  </ItemGroup>
  <ItemGroup>
    <FxCompile Include="TexturePS.hlsl">
      <Filter>G3D\Shaders</Filter>
    </FxCompile>
    <FxCompile Include="TextureVS.hlsl">
      <Filter>G3D\Shaders</Filter>
    </FxCompile>
    <FxCompile Include="WireFramePS.hlsl">
      <Filter>G3D\Shaders</Filter>
    </FxCompile>
    <FxCompile Include="WireFrameVS.hlsl">
      <Filter>G3D\Shaders</Filter>
    </FxCompile>
  </ItemGroup>
  <ItemGroup>
    <None Include="..\README.md" />
    <None Include="..\STYLE.md" />
  </ItemGroup>
  <ItemGroup>
    <Text Include="..\ToDo.txt" />
  </ItemGroup>
</Project>